{
  "name": "@katch-language/ts",
  "version": "0.0.31",
  "lockfileVersion": 2,
  "requires": true,
  "packages": {
    "": {
      "name": "@katch-language/ts",
      "version": "0.0.31",
      "license": "ISC",
      "dependencies": {
        "glob": "^8.0.3",
        "glob-promise": "^5.0.0",
        "ts-node": "^10.9.1"
      },
      "bin": {
        "katch-language-ts": "index.js"
      }
    },
    "../aop-test": {
      "version": "1.0.0",
      "extraneous": true,
      "license": "ISC",
      "dependencies": {
        "@okneigres/aop": "^1.0.4"
      }
    },
    "../api_server": {
      "name": "cdu-smart-campus",
      "version": "0.1.0",
      "extraneous": true,
      "license": "BSD-2-Clause",
      "dependencies": {
        "add-stream": "1.0.0",
        "body-parser": "^1.14.1",
        "bower": "~1.5.3",
        "compression": "^1.6.0",
        "connect-busboy": "0.0.2",
        "cookie-parser": "^1.4.0",
        "express": "^4.13.3",
        "gulp": "~3.9.0",
        "gulp-angular-templatecache": "~1.8.0",
        "gulp-base64": "~0.1.3",
        "gulp-bower": "0.0.10",
        "gulp-concat": "~2.6.0",
        "gulp-minify-css": "~1.2.1",
        "gulp-uglify": "~1.4.1",
        "mongodb": "^2.0.46"
      },
      "devDependencies": {}
    },
    "../au": {
      "version": "1.0.0",
      "extraneous": true,
      "license": "ISC",
      "dependencies": {
        "bluebird": "^3.5.1"
      }
    },
    "../automanager": {
      "version": "1.0.0",
      "extraneous": true,
      "license": "ISC"
    },
    "../better-onetab": {
      "version": "1.0.0",
      "extraneous": true,
      "license": "MIT",
      "dependencies": {
        "@sentry/browser": "^5.5.0",
        "@sentry/integrations": "^5.5.0",
        "downloadjs": "^1.4.7",
        "lodash": "^4.17.10",
        "material-design-icons-iconfont": "^3.0.3",
        "moment": "^2.22.1",
        "socket.io-client": "^2.2.0",
        "vue": "^2.5.21",
        "vue-clipboard2": "^0.2.1",
        "vue-router": "^3.0.1",
        "vuedraggable": "^2.16.0",
        "vuetify": "^1.4.3",
        "vuex": "^3.0.1",
        "webextension-polyfill": "^0.3.1"
      },
      "devDependencies": {
        "@babel/core": "^7.4.3",
        "@babel/plugin-syntax-dynamic-import": "^7.2.0",
        "@babel/preset-env": "^7.4.3",
        "@cnwangjie/eslint-config": "^1.3.0",
        "babel-eslint": "^8.2.6",
        "babel-loader": "^8.0.5",
        "babel-plugin-lodash": "^3.3.4",
        "clean-webpack-plugin": "^0.1.19",
        "copy-webpack-plugin": "^4.5.1",
        "cross-env": "^5.2.0",
        "css-loader": "^2.1.0",
        "eslint": "^5.3.0",
        "eslint-plugin-vue": "^5.0.0-beta.3",
        "file-loader": "^1.1.11",
        "html-loader": "^0.5.5",
        "html-webpack-plugin": "^3.2.0",
        "markdown-loader": "^3.0.0",
        "node-sass": "^4.9.0",
        "sass": "^1.3.0",
        "sass-loader": "^7.0.1",
        "style-loader": "^0.23.1",
        "stylus": "^0.54.5",
        "stylus-loader": "^3.0.2",
        "uglifyjs-webpack-plugin": "^1.2.5",
        "url-loader": "^1.0.1",
        "vue-loader": "^15.0.4",
        "vue-style-loader": "^4.1.0",
        "vue-template-compiler": "^2.5.16",
        "vuetify-loader": "^1.2.1",
        "webpack": "^4.6.0",
        "webpack-cli": "^3.1.2",
        "webpack-merge": "^4.2.1"
      }
    },
    "../blockrain.js": {
      "name": "blockrain",
      "version": "0.2.1",
      "extraneous": true,
      "license": "MIT",
      "dependencies": {
        "jquery": "~1.11.3"
      },
      "devDependencies": {
        "gulp": "^3.8.8",
        "gulp-clean": "^0.3.1",
        "gulp-concat": "^2.4.1",
        "gulp-header": "^1.1.1",
        "gulp-uglify": "^1.0.1",
        "gulp-zip": "~2.0.2",
        "run-sequence": "~1.0.2"
      }
    },
    "../chrome_extension2": {
      "name": "excited-gem",
      "version": "0.7.0",
      "extraneous": true,
      "license": "MIT",
      "dependencies": {
        "browser-sync": "^2.17.5",
        "gulp": "^3.9.1",
        "gulp-autoprefixer": "^3.1.1",
        "gulp-cssnano": "^2.1.2",
        "gulp-debug": "^3.0.0",
        "gulp-filter": "^4.0.0",
        "gulp-header": "^1.8.8",
        "gulp-notify": "^2.2.0",
        "gulp-plumber": "^1.1.0",
        "gulp-rename": "^1.2.2",
        "gulp-rimraf": "^0.2.1",
        "gulp-sass": "^2.3.2",
        "gulp-typescript": "^3.1.2",
        "gulp-util": "^3.0.7",
        "react": "^15.3.2",
        "typescript": "^2.0.9"
      },
      "devDependencies": {
        "del": "^2.2.2",
        "eslint-plugin-compat": "^1.0.0",
        "fs": "0.0.1-security",
        "gulp": "^3.9.1",
        "gulp-cleanhtml": "^1.0.1",
        "gulp-crx-pack": "^1.0.1",
        "gulp-jshint": "^2.0.4",
        "gulp-strip-debug": "^1.1.0",
        "gulp-zip": "^3.2.0",
        "jshint": "^2.9.4"
      }
    },
    "../do-platform": {
      "version": "1.0.0",
      "extraneous": true,
      "license": "ISC",
      "dependencies": {
        "firebase": "^5.2.0"
      }
    },
    "../englishapp": {
      "name": "point",
      "version": "1.1.1",
      "extraneous": true,
      "dependencies": {
        "gulp": "^3.5.6",
        "gulp-concat": "^2.2.0",
        "gulp-minify-css": "^0.3.0",
        "gulp-rename": "^1.2.0",
        "gulp-sass": "^2.0.4"
      },
      "devDependencies": {
        "bower": "^1.3.3",
        "gulp-util": "^2.2.14",
        "shelljs": "^0.3.0"
      }
    },
    "../exchange-telegram-bot": {
      "version": "1.0.0",
      "extraneous": true,
      "license": "ISC",
      "dependencies": {
        "node-telegram-bot-api": "^0.50.0"
      }
    },
    "../exp2": {
      "version": "1.0.0",
      "extraneous": true,
      "license": "ISC"
    },
    "../extension-tabwrangler": {
      "version": "5.12.2",
      "extraneous": true,
      "license": "MIT",
      "dependencies": {
        "classnames": "^2.2.5",
        "color-hash": "^1.0.3",
        "file-saver": "^1.3.3",
        "lodash": "^4.17.4",
        "react": "^16.3.1",
        "react-addons-css-transition-group": "^15.6.2",
        "react-dom": "^16.3.1",
        "react-sticky": "^6.0.2",
        "react-virtualized": "^9.18.5",
        "timeago-react": "^2.0.0",
        "timeago.js": "^3.0.2"
      },
      "devDependencies": {
        "babel-core": "^6.26.0",
        "babel-eslint": "^8.2.3",
        "babel-loader": "^7.1.2",
        "babel-plugin-transform-class-properties": "^6.24.1",
        "babel-preset-es2015": "^6.24.1",
        "babel-preset-react": "^6.24.1",
        "copy-webpack-plugin": "^4.5.1",
        "css-loader": "^0.28.10",
        "eslint": "^4.19.1",
        "eslint-plugin-flowtype": "^2.46.3",
        "eslint-plugin-react": "^7.7.0",
        "extract-text-webpack-plugin": "^3.0.2",
        "file-loader": "^1.1.11",
        "flow-bin": "^0.71.0",
        "flow-interfaces-chrome": "^0.4.0",
        "gulp": "^3.9.1",
        "gulp-eslint": "^4.0.2",
        "gulp-jest": "^4.0.2",
        "gulp-util": "^3.0.8",
        "gulp-watch": "^5.0.0",
        "html-webpack-plugin": "^3.2.0",
        "jest": "^22.4.3",
        "jest-cli": "^22.4.2",
        "prettier": "^1.13.4",
        "react-test-renderer": "^16.3.1",
        "rimraf": "^2.6.2",
        "run-sequence": "^2.2.0",
        "style-loader": "^0.20.2",
        "webpack": "^3.12.0",
        "webpack-archive-plugin": "^3.0.0"
      }
    },
    "../figma-electron": {
      "version": "1.0.0",
      "extraneous": true,
      "license": "CC0-1.0",
      "devDependencies": {
        "electron": "^10.1.1",
        "electron-builder": "^22.8.0"
      }
    },
    "../flow": {
      "extraneous": true,
      "workspaces": [
        "newtests",
        "packages/flow-dev-tools",
        "packages/flow-parser",
        "packages/flow-remove-types"
      ]
    },
    "../git-notes": {
      "version": "1.0.0",
      "extraneous": true,
      "license": "ISC",
      "dependencies": {
        "body-parser": "^1.19.0",
        "cors": "^2.8.5",
        "express": "^4.17.1"
      }
    },
    "../git-notes2": {
      "version": "1.0.0",
      "extraneous": true,
      "license": "ISC",
      "workspaces": [
        "..",
        "../katch-js"
      ],
      "dependencies": {
        "@xpyjs/gantt": "^1.0.2",
        "body-parser": "^1.20.1",
        "express": "^4.18.2",
        "frappe-gantt": "^0.6.1",
        "glob-promise": "^5.0.0",
        "katch-js": "^1.0.2",
        "mongoose": "^6.7.5",
        "node-telegram-bot-api": "^0.60.0",
        "nodemon": "^2.0.22",
        "os-morning-scripts": "*",
        "say": "^0.16.0",
        "telegraf": "^4.11.2",
        "ts-node": "^10.9.1",
        "vue": "^3.2.45",
        "yaml": "^2.1.3"
      },
      "devDependencies": {
        "@parcel/transformer-sass": "^2.8.0",
        "@parcel/transformer-vue": "^2.8.0",
        "@parcel/transformer-yaml": "^2.8.0",
        "assert": "^2.0.0",
        "browserify-zlib": "^0.2.0",
        "buffer": "^5.7.1",
        "crypto-browserify": "^3.12.0",
        "events": "^3.3.0",
        "parcel": "^2.8.0",
        "path-browserify": "^1.0.1",
        "process": "^0.11.10",
        "punycode": "^1.4.1",
        "querystring-es3": "^0.2.1",
        "stream-browserify": "^3.0.0",
        "stream-http": "^3.2.0",
        "string_decoder": "^1.3.0",
        "typescript": "^4.9.3",
        "url": "^0.11.0",
        "util": "^0.12.5"
      }
    },
    "../git-saver": {
      "version": "1.0.0",
      "extraneous": true,
      "license": "ISC",
      "dependencies": {
        "body-parser": "^1.18.3",
        "express": "^4.16.3",
        "js-yaml": "^3.12.0"
      }
    },
    "../home-automation": {
      "version": "1.0.0",
      "extraneous": true,
      "license": "ISC",
      "dependencies": {
        "ejs": "^2.5.6",
        "express": "^4.15.3",
        "just-client": "^1.0.0",
        "metascraper": "^1.0.6",
        "mocha": "^3.4.2"
      },
      "devDependencies": {
        "gulp": "^3.9.1",
        "gulp-concat": "^2.6.0",
        "gulp-imagemin": "^3.1.1",
        "gulp-livereload": "^3.8.1",
        "gulp-sass": "^2.3.2",
        "gulp-uglify": "^2.0.0"
      }
    },
    "../notes-fetcher": {
      "version": "1.0.0",
      "extraneous": true,
      "license": "ISC",
      "dependencies": {
        "better-sqlite3": "^4.1.0",
        "html-to-text": "^4.0.0",
        "html2plaintext": "^2.0.1"
      }
    },
    "../notion": {
      "version": "0.0.2",
      "extraneous": true,
      "license": "MIT",
      "dependencies": {
        "electron-quick-start": "^1.0.0",
        "notion-api": "git+https://github.com/bntzio/notion-api.git",
        "notion-api-js": "^2.1.0"
      },
      "devDependencies": {
        "electron": "^5.0.1",
        "electron-builder": "^20.39.0",
        "electron-packager": "^13.1.1",
        "electron-prebuilt": "^1.4.13"
      }
    },
    "../npm-test": {
      "version": "1.0.0",
      "extraneous": true,
      "license": "ISC",
      "dependencies": {
        "@okneigres/aop": "^1.0.2"
      }
    },
    "../orchestrator-agent": {
      "version": "1.0.0",
      "extraneous": true,
      "license": "ISC",
      "dependencies": {
        "body-parser": "^1.17.1",
        "express": "^4.15.2",
        "get-port": "^3.1.0",
        "node-getopt": "^0.2.3"
      }
    },
    "../parser": {
      "name": "spex",
      "version": "1.0.0",
      "extraneous": true,
      "license": "ISC",
      "dependencies": {
        "colors": "^1.3.0"
      }
    },
    "../process-tree": {
      "version": "1.0.0",
      "extraneous": true,
      "license": "ISC",
      "dependencies": {
        "angular": "^1.7.5",
        "angularjs": "0.0.1",
        "cordova": "^9.0.0",
        "cordova-android": "^8.0.0",
        "electron": "*",
        "js-yaml": "^3.12.0",
        "menubar": "^5.2.3"
      },
      "devDependencies": {
        "cordova-plugin-whitelist": "^1.3.3",
        "electron-packager": "^13.1.1"
      }
    },
    "../process-tree-eng": {
      "version": "1.0.0",
      "extraneous": true,
      "license": "ISC",
      "dependencies": {
        "angular": "^1.7.5",
        "angularjs": "0.0.1",
        "cordova": "^9.0.0",
        "cordova-android": "^8.0.0",
        "electron": "^3.0.6",
        "js-yaml": "^3.12.0",
        "menubar": "^5.2.3"
      },
      "devDependencies": {
        "cordova-plugin-whitelist": "^1.3.3",
        "electron-packager": "^13.1.1"
      }
    },
    "../roma_chat": {
      "version": "1.0.0",
      "extraneous": true,
      "license": "ISC",
      "dependencies": {
        "core-os": "github:extremeprog-com/core",
        "express": "^4.16.3",
        "express-ws": "^4.0.0"
      }
    },
    "../runner": {
      "version": "1.0.0",
      "extraneous": true,
      "license": "ISC",
      "dependencies": {
        "readline-sync": "^1.4.9"
      }
    },
    "../screenshotwall-site": {
      "version": "0.0.0",
      "extraneous": true,
      "license": "ISC",
      "dependencies": {
        "crypto": "0.0.3",
        "express": "^4.13.3",
        "gm": "^1.21.1",
        "slimerjs": "^0.9.6",
        "url": "^0.11.0",
        "url-to-image": "^1.0.0"
      },
      "devDependencies": {
        "babel-polyfill": "^6.2.0"
      }
    },
    "../storage_tree": {
      "version": "1.0.0",
      "extraneous": true,
      "license": "ISC",
      "dependencies": {
        "body-parser": "^1.20.0",
        "express": "^4.18.1",
        "glob": "^7.1.6"
      }
    },
    "../tabwrangler": {
      "version": "6.4.0",
      "extraneous": true,
      "license": "MIT",
      "dependencies": {
        "classnames": "^2.2.5",
        "color-hash": "^1.0.3",
        "file-saver": "^1.3.3",
        "lodash.debounce": "^4.0.8",
        "react": "^16.3.1",
        "react-dom": "^16.3.1",
        "react-redux": "^5.0.7",
        "react-sticky": "^6.0.2",
        "react-transition-group": "^2.4.0",
        "react-virtualized": "^9.20.1",
        "redux": "^4.0.0",
        "redux-persist": "^5.10.0",
        "redux-persist-webextension-storage": "^1.0.0",
        "redux-thunk": "^2.3.0",
        "redux-watch": "^1.1.1",
        "timeago-react": "^2.0.0",
        "timeago.js": "^3.0.2"
      },
      "devDependencies": {
        "@babel/core": "^7.0.0",
        "@babel/plugin-proposal-class-properties": "^7.0.0",
        "@babel/plugin-proposal-object-rest-spread": "^7.0.0",
        "@babel/preset-env": "^7.0.0",
        "@babel/preset-flow": "^7.0.0",
        "@babel/preset-react": "^7.0.0",
        "babel-core": "7.0.0-bridge.0",
        "babel-eslint": "^8.2.3",
        "babel-jest": "^23.4.2",
        "babel-loader": "^8.0.2",
        "copy-webpack-plugin": "^4.5.1",
        "crowdin-api": "^2.0.2",
        "css-loader": "^1.0.0",
        "eslint": "^5.3.0",
        "eslint-plugin-flowtype": "^2.50.0",
        "eslint-plugin-react": "^7.10.0",
        "file-loader": "^2.0.0",
        "flow-bin": "^0.81.0",
        "flow-interfaces-chrome": "^0.5.2",
        "gulp": "^3.9.1",
        "gulp-eslint": "^5.0.0",
        "gulp-ignore": "^2.0.2",
        "gulp-jest": "^4.0.2",
        "gulp-rename": "^1.4.0",
        "gulp-unzip": "^1.0.0",
        "gulp-util": "^3.0.8",
        "gulp-watch": "^5.0.0",
        "html-webpack-plugin": "^3.2.0",
        "jest-cli": "^23.5.0",
        "mini-css-extract-plugin": "^0.4.2",
        "prettier": "^1.13.4",
        "react-test-renderer": "^16.3.1",
        "redux-mock-store": "^1.5.3",
        "rimraf": "^2.6.2",
        "run-sequence": "^2.2.0",
        "style-loader": "^0.23.0",
        "webpack": "^4.17.2",
        "webpack-archive-plugin": "^3.0.0"
      }
    },
    "../telegram": {
      "version": "0.0.2",
      "extraneous": true,
      "license": "MIT",
      "dependencies": {
        "electron-quick-start": "^1.0.0"
      },
      "devDependencies": {
        "electron": "^5.0.1",
        "electron-builder": "^20.39.0",
        "electron-packager": "^13.1.1",
        "electron-prebuilt": "^1.4.13"
      }
    },
    "../telegram-bot": {
      "version": "1.0.0",
      "extraneous": true,
      "license": "CC0-1.0",
      "devDependencies": {
        "electron": "^10.1.1",
        "electron-builder": "^22.8.0"
      }
    },
    "../telegram-mtproto": {
      "version": "1.0.0",
      "extraneous": true,
      "license": "ISC",
      "dependencies": {
        "@mtproto/core": "5.2.0",
        "mongodb": "^3.6.3",
        "mongoose": "^5.10.16"
      }
    },
    "../triggers": {
      "version": "1.0.0",
      "extraneous": true,
      "license": "ISC",
      "dependencies": {
        "@google-cloud/translate": "^2.1.2",
        "angular": "^1.7.5",
        "electron": "^3.0.5",
        "extended-google-translate-api": "^1.0.2",
        "lockfile": "^1.0.4",
        "native-exec": "^0.1.3",
        "proper-lockfile": "^3.0.2",
        "remote": "^0.2.6"
      },
      "devDependencies": {}
    },
    "../triggers_french": {
      "version": "1.0.0",
      "extraneous": true,
      "license": "ISC",
      "dependencies": {
        "@google-cloud/translate": "^2.1.2",
        "angular": "^1.7.5",
        "electron": "^3.0.5",
        "extended-google-translate-api": "^1.0.2",
        "lockfile": "^1.0.4",
        "native-exec": "^0.1.3",
        "proper-lockfile": "^3.0.2",
        "remote": "^0.2.6"
      },
      "devDependencies": {}
    },
    "../triggers_ira": {
      "version": "1.0.0",
      "extraneous": true,
      "license": "ISC",
      "dependencies": {
        "@google-cloud/translate": "^2.1.2",
        "angular": "^1.7.5",
        "electron": "^3.0.5",
        "extended-google-translate-api": "^1.0.2",
        "lockfile": "^1.0.4",
        "native-exec": "^0.1.3",
        "proper-lockfile": "^3.0.2",
        "remote": "^0.2.6"
      },
      "devDependencies": {}
    },
    "../ts": {
      "version": "1.0.0",
      "extraneous": true,
      "license": "ISC",
      "dependencies": {
        "clickhouse": "^2.2.1",
        "core-os": "git+https://github.com/extremeprog-com/core.git",
        "glob": "^7.1.6",
        "node-fetch": "^2.6.1",
        "request": "^2.88.2"
      }
    },
    "../ts-backtest": {
      "version": "1.0.0",
      "extraneous": true,
      "license": "ISC",
      "dependencies": {
        "core-os": "git+https://github.com/extremeprog-com/core.git",
        "glob": "^7.1.6",
        "node-fetch": "^2.6.0",
        "request": "^2.88.2"
      }
    },
    "../ts-parser": {
      "version": "1.0.0",
      "extraneous": true,
      "license": "ISC",
      "dependencies": {
        "node-storage": "0.0.7",
        "sync-request": "^6.0.0"
      }
    },
    "../visualization-of-models": {
      "name": "visualisation-of-model",
      "version": "1.0.0",
      "extraneous": true,
      "license": "ISC",
      "dependencies": {
        "ejs": "^2.5.6",
        "express": "^4.14.1",
        "nodemon": "^1.11.0"
      },
      "devDependencies": {
        "babel-cli": "^6.23.0",
        "babel-core": "^6.23.1",
        "babel-preset-env": "^1.1.10",
        "gulp": "^3.9.1",
        "gulp-babel": "^6.1.2",
        "gulp-concat": "^2.6.0",
        "gulp-imagemin": "^3.1.1",
        "gulp-livereload": "^3.8.1",
        "gulp-sass": "^2.3.2",
        "gulp-uglify": "^2.0.0",
        "imagemin": "^5.2.2",
        "mocha": "^3.2.0"
      }
    },
    "../wavelet_app": {
      "name": "wavelet",
      "version": "1.1.1",
      "extraneous": true,
      "dependencies": {
        "gulp": "^3.5.6",
        "gulp-concat": "^2.6.0",
        "gulp-minify-css": "^0.3.13",
        "gulp-rename": "^1.2.2",
        "gulp-sass": "^2.1.1",
        "shelljs": "^0.3.0",
        "svgexport": "^0.2.8"
      },
      "devDependencies": {
        "bower": "^1.3.3",
        "gulp-util": "^2.2.14",
        "shelljs": "^0.3.0"
      }
    },
    "../wf": {
      "version": "1.0.0",
      "extraneous": true,
      "license": "ISC",
      "dependencies": {
        "angular": "^1.7.8",
        "angularjs": "0.0.1"
      }
    },
    "../zenbot": {
      "name": "zenbot4",
      "version": "4.1.0",
      "extraneous": true,
      "license": "MIT",
      "dependencies": {
        "@babel/core": "^7.1.2",
        "@slack/client": "^5.0.1",
        "async": "^3.0.1",
        "babel-loader": "^8.0.4",
        "babel-preset-env": "^1.6.1",
        "bitfinex-api-node": "^3.0.1",
        "bitstamp": "^1.0.4",
        "bl": "^4.0.0",
        "bollinger-bands": "^3.0.1",
        "bootstrap": "^4.3.1",
        "ccxt": "^1.18.1191",
        "cexio-api-node": "^1.0.8",
        "cliff": "^0.1.10",
        "coinbase-pro": "^0.9.0",
        "colors": "^1.2.1",
        "commander": "^4.0.0",
        "convnetjs": "0.3.0",
        "counterup": "^1.0.2",
        "css-loader": "^3.0.0",
        "echarts": "^4.0.2",
        "ejs": "^3.0.1",
        "exports-loader": "^0.7.0",
        "expose-loader": "^0.7.5",
        "express": "^4.16.3",
        "express-rate-limit": "^5.0.0",
        "extract-text-webpack-plugin": "^4.0.0-beta.0",
        "file-loader": "^5.0.2",
        "fs": "0.0.1-security",
        "gemini-api": "^2.0.4",
        "glob": "^7.1.1",
        "har-validator": "^5.0.3",
        "husky": "^3.0.5",
        "idgen": "^2.0.2",
        "imports-loader": "^0.8.0",
        "ip": "~1.1.5",
        "jasmine": "^3.2.0",
        "jquery": "^3.4.1",
        "jsonexport": "^2.4.1",
        "keltnerchannel": "^1.4.2",
        "kraken-api": "^1.0.0",
        "lint-staged": "^9.0.2",
        "lodash": "^4.17.4",
        "lolex": "^5.0.0",
        "mathjs": "^6.0.1",
        "micro-request": "^666.0.10",
        "mime": "^2.2.2",
        "minimist": "^1.2.0",
        "mock-require": "^3.0.2",
        "moment": "^2.22.0",
        "mongodb": "^3.3.4",
        "node-bittrex-api": "^0.8.2",
        "node-prowl": "^0.1.7",
        "node-sass": "^4.12.0",
        "node-telegram-bot-api": "^0.40.0",
        "number-abbreviate": "^2.0.0",
        "numbro": "github:highvelocityspace/numbro",
        "path": "^0.12.7",
        "poloniex.js": "1.0.1",
        "popper.js": "^1.15.0",
        "postcss-loader": "^3.0.0",
        "progress": "^2.0.0",
        "pushbullet": "2.4.0",
        "pusher-js": "^5.0.3",
        "quadrigacx": "0.0.7",
        "random-port": "^0.1.0",
        "regression": "^2.0.0",
        "resolve-url-loader": "^3.0.0",
        "sass-loader": "^8.0.0",
        "semver": "^7.0.0",
        "simple-xmpp": "^1.3.0",
        "stats-lite": "2.2.0",
        "style-loader": "^1.0.0",
        "superagent": "^5.0.2",
        "talib": "^1.1.2",
        "timebucket": "^0.4.0",
        "trend": "0.3.0",
        "tulind": "^0.8.18",
        "url-loader": "^3.0.0",
        "uuid": "^3.1.0",
        "waypoints": "^4.0.1",
        "webpack": "^4.38.0",
        "webpack-cli": "^3.0.4",
        "wexnz": "^0.1.3",
        "ws": "^7.1.0",
        "zero-fill": "^2.2.3"
      },
      "bin": {
        "zenbot": "zenbot.sh"
      },
      "devDependencies": {
        "eslint": "^4.19.1",
        "geneticalgorithm": "^1.0.1",
        "json2csv": "^4.0.2",
        "round-precision": "^1.0.0",
        "run-parallel-limit": "^1.0.4",
        "shelljs": "^0.8.0",
        "yargs": "^15.0.1"
      },
      "engines": {
        "node": ">=10.0.0"
      },
      "optionalDependencies": {
        "fsevents": "^2.1.2"
      }
    },
    "node_modules/@cspotcode/source-map-support": {
      "version": "0.8.1",
      "resolved": "https://registry.npmjs.org/@cspotcode/source-map-support/-/source-map-support-0.8.1.tgz",
      "integrity": "sha512-IchNf6dN4tHoMFIn/7OE8LWZ19Y6q/67Bmf6vnGREv8RSbBVb9LPJxEcnwrcwX6ixSvaiGoomAUvu4YSxXrVgw==",
      "dependencies": {
        "@jridgewell/trace-mapping": "0.3.9"
      },
      "engines": {
        "node": ">=12"
      }
    },
    "node_modules/@jridgewell/resolve-uri": {
      "version": "3.1.0",
      "resolved": "https://registry.npmjs.org/@jridgewell/resolve-uri/-/resolve-uri-3.1.0.tgz",
      "integrity": "sha512-F2msla3tad+Mfht5cJq7LSXcdudKTWCVYUgw6pLFOOHSTtZlj6SWNYAp+AhuqLmWdBO2X5hPrLcu8cVP8fy28w==",
      "engines": {
        "node": ">=6.0.0"
      }
    },
    "node_modules/@jridgewell/sourcemap-codec": {
      "version": "1.4.14",
      "resolved": "https://registry.npmjs.org/@jridgewell/sourcemap-codec/-/sourcemap-codec-1.4.14.tgz",
      "integrity": "sha512-XPSJHWmi394fuUuzDnGz1wiKqWfo1yXecHQMRf2l6hztTO+nPru658AyDngaBe7isIxEkRsPR3FZh+s7iVa4Uw=="
    },
    "node_modules/@jridgewell/trace-mapping": {
      "version": "0.3.9",
      "resolved": "https://registry.npmjs.org/@jridgewell/trace-mapping/-/trace-mapping-0.3.9.tgz",
      "integrity": "sha512-3Belt6tdc8bPgAtbcmdtNJlirVoTmEb5e2gC94PnkwEW9jI6CAHUeoG85tjWP5WquqfavoMtMwiG4P926ZKKuQ==",
      "dependencies": {
        "@jridgewell/resolve-uri": "^3.0.3",
        "@jridgewell/sourcemap-codec": "^1.4.10"
      }
    },
    "node_modules/@tsconfig/node10": {
      "version": "1.0.9",
      "resolved": "https://registry.npmjs.org/@tsconfig/node10/-/node10-1.0.9.tgz",
      "integrity": "sha512-jNsYVVxU8v5g43Erja32laIDHXeoNvFEpX33OK4d6hljo3jDhCBDhx5dhCCTMWUojscpAagGiRkBKxpdl9fxqA=="
    },
    "node_modules/@tsconfig/node12": {
      "version": "1.0.11",
      "resolved": "https://registry.npmjs.org/@tsconfig/node12/-/node12-1.0.11.tgz",
      "integrity": "sha512-cqefuRsh12pWyGsIoBKJA9luFu3mRxCA+ORZvA4ktLSzIuCUtWVxGIuXigEwO5/ywWFMZ2QEGKWvkZG1zDMTag=="
    },
    "node_modules/@tsconfig/node14": {
      "version": "1.0.3",
      "resolved": "https://registry.npmjs.org/@tsconfig/node14/-/node14-1.0.3.tgz",
      "integrity": "sha512-ysT8mhdixWK6Hw3i1V2AeRqZ5WfXg1G43mqoYlM2nc6388Fq5jcXyr5mRsqViLx/GJYdoL0bfXD8nmF+Zn/Iow=="
    },
    "node_modules/@tsconfig/node16": {
      "version": "1.0.3",
      "resolved": "https://registry.npmjs.org/@tsconfig/node16/-/node16-1.0.3.tgz",
      "integrity": "sha512-yOlFc+7UtL/89t2ZhjPvvB/DeAr3r+Dq58IgzsFkOAvVC6NMJXmCGjbptdXdR9qsX7pKcTL+s87FtYREi2dEEQ=="
    },
    "node_modules/@types/glob": {
      "version": "7.2.0",
      "resolved": "https://registry.npmjs.org/@types/glob/-/glob-7.2.0.tgz",
      "integrity": "sha512-ZUxbzKl0IfJILTS6t7ip5fQQM/J3TJYubDm3nMbgubNNYS62eXeUpoLUC8/7fJNiFYHTrGPQn7hspDUzIHX3UA==",
      "dependencies": {
        "@types/minimatch": "*",
        "@types/node": "*"
      }
    },
    "node_modules/@types/minimatch": {
      "version": "5.1.2",
      "resolved": "https://registry.npmjs.org/@types/minimatch/-/minimatch-5.1.2.tgz",
      "integrity": "sha512-K0VQKziLUWkVKiRVrx4a40iPaxTUefQmjtkQofBkYRcoaaL/8rhwDWww9qWbrgicNOgnpIsMxyNIUM4+n6dUIA=="
    },
    "node_modules/@types/node": {
      "version": "18.11.9",
      "resolved": "https://registry.npmjs.org/@types/node/-/node-18.11.9.tgz",
      "integrity": "sha512-CRpX21/kGdzjOpFsZSkcrXMGIBWMGNIHXXBVFSH+ggkftxg+XYP20TESbh+zFvFj3EQOl5byk0HTRn1IL6hbqg=="
    },
    "node_modules/acorn": {
      "version": "8.8.1",
      "resolved": "https://registry.npmjs.org/acorn/-/acorn-8.8.1.tgz",
      "integrity": "sha512-7zFpHzhnqYKrkYdUjF1HI1bzd0VygEGX8lFk4k5zVMqHEoES+P+7TKI+EvLO9WVMJ8eekdO0aDEK044xTXwPPA==",
      "bin": {
        "acorn": "bin/acorn"
      },
      "engines": {
        "node": ">=0.4.0"
      }
    },
    "node_modules/acorn-walk": {
      "version": "8.2.0",
      "resolved": "https://registry.npmjs.org/acorn-walk/-/acorn-walk-8.2.0.tgz",
      "integrity": "sha512-k+iyHEuPgSw6SbuDpGQM+06HQUa04DZ3o+F6CSzXMvvI5KMvnaEqXe+YVe555R9nn6GPt404fos4wcgpw12SDA==",
      "engines": {
        "node": ">=0.4.0"
      }
    },
    "node_modules/arg": {
      "version": "4.1.3",
      "resolved": "https://registry.npmjs.org/arg/-/arg-4.1.3.tgz",
      "integrity": "sha512-58S9QDqG0Xx27YwPSt9fJxivjYl432YCwfDMfZ+71RAqUrZef7LrKQZ3LHLOwCS4FLNBplP533Zx895SeOCHvA=="
    },
    "node_modules/balanced-match": {
      "version": "1.0.2",
      "resolved": "https://registry.npmjs.org/balanced-match/-/balanced-match-1.0.2.tgz",
      "integrity": "sha512-3oSeUO0TMV67hN1AmbXsK4yaqU7tjiHlbxRDZOpH0KW9+CeX4bRAaX0Anxt0tx2MrpRpWwQaPwIlISEJhYU5Pw=="
    },
    "node_modules/brace-expansion": {
      "version": "2.0.1",
      "resolved": "https://registry.npmjs.org/brace-expansion/-/brace-expansion-2.0.1.tgz",
      "integrity": "sha512-XnAIvQ8eM+kC6aULx6wuQiwVsnzsi9d3WxzV3FpWTGA19F621kwdbsAcFKXgKUHZWsy+mY6iL1sHTxWEFCytDA==",
      "dependencies": {
        "balanced-match": "^1.0.0"
      }
    },
    "node_modules/create-require": {
      "version": "1.1.1",
      "resolved": "https://registry.npmjs.org/create-require/-/create-require-1.1.1.tgz",
      "integrity": "sha512-dcKFX3jn0MpIaXjisoRvexIJVEKzaq7z2rZKxf+MSr9TkdmHmsU4m2lcLojrj/FHl8mk5VxMmYA+ftRkP/3oKQ=="
    },
    "node_modules/diff": {
      "version": "4.0.2",
      "resolved": "https://registry.npmjs.org/diff/-/diff-4.0.2.tgz",
      "integrity": "sha512-58lmxKSA4BNyLz+HHMUzlOEpg09FV+ev6ZMe3vJihgdxzgcwZ8VoEEPmALCZG9LmqfVoNMMKpttIYTVG6uDY7A==",
      "engines": {
        "node": ">=0.3.1"
      }
    },
    "node_modules/fs.realpath": {
      "version": "1.0.0",
      "resolved": "https://registry.npmjs.org/fs.realpath/-/fs.realpath-1.0.0.tgz",
      "integrity": "sha512-OO0pH2lK6a0hZnAdau5ItzHPI6pUlvI7jMVnxUQRtw4owF2wk8lOSabtGDCTP4Ggrg2MbGnWO9X8K1t4+fGMDw=="
    },
    "node_modules/glob": {
      "version": "8.0.3",
      "resolved": "https://registry.npmjs.org/glob/-/glob-8.0.3.tgz",
      "integrity": "sha512-ull455NHSHI/Y1FqGaaYFaLGkNMMJbavMrEGFXG/PGrg6y7sutWHUHrz6gy6WEBH6akM1M414dWKCNs+IhKdiQ==",
      "dependencies": {
        "fs.realpath": "^1.0.0",
        "inflight": "^1.0.4",
        "inherits": "2",
        "minimatch": "^5.0.1",
        "once": "^1.3.0"
      },
      "engines": {
        "node": ">=12"
      },
      "funding": {
        "url": "https://github.com/sponsors/isaacs"
      }
    },
    "node_modules/glob-promise": {
      "version": "5.0.0",
      "resolved": "https://registry.npmjs.org/glob-promise/-/glob-promise-5.0.0.tgz",
      "integrity": "sha512-YQ7+beqmmQ3yUzybHoxnj7XMImztIdusIFate36/aB1gEWugR1qZI9a2u1A5mt6gYRqYldipZ7NB9s1UEq3vzw==",
      "dependencies": {
        "@types/glob": "^7.2.0"
      },
      "engines": {
        "node": ">=12"
      },
      "funding": {
        "type": "individual",
        "url": "https://github.com/sponsors/ahmadnassri"
      },
      "peerDependencies": {
        "glob": "^8.0.3"
      }
    },
    "node_modules/inflight": {
      "version": "1.0.6",
      "resolved": "https://registry.npmjs.org/inflight/-/inflight-1.0.6.tgz",
      "integrity": "sha512-k92I/b08q4wvFscXCLvqfsHCrjrF7yiXsQuIVvVE7N82W3+aqpzuUdBbfhWcy/FZR3/4IgflMgKLOsvPDrGCJA==",
      "dependencies": {
        "once": "^1.3.0",
        "wrappy": "1"
      }
    },
    "node_modules/inherits": {
      "version": "2.0.4",
      "resolved": "https://registry.npmjs.org/inherits/-/inherits-2.0.4.tgz",
      "integrity": "sha512-k/vGaX4/Yla3WzyMCvTQOXYeIHvqOKtnqBduzTHpzpQZzAskKMhZ2K+EnBiSM9zGSoIFeMpXKxa4dYeZIQqewQ=="
    },
    "node_modules/make-error": {
      "version": "1.3.6",
      "resolved": "https://registry.npmjs.org/make-error/-/make-error-1.3.6.tgz",
      "integrity": "sha512-s8UhlNe7vPKomQhC1qFelMokr/Sc3AgNbso3n74mVPA5LTZwkB9NlXf4XPamLxJE8h0gh73rM94xvwRT2CVInw=="
    },
    "node_modules/minimatch": {
      "version": "5.1.0",
      "resolved": "https://registry.npmjs.org/minimatch/-/minimatch-5.1.0.tgz",
      "integrity": "sha512-9TPBGGak4nHfGZsPBohm9AWg6NoT7QTCehS3BIJABslyZbzxfV78QM2Y6+i741OPZIafFAaiiEMh5OyIrJPgtg==",
      "dependencies": {
        "brace-expansion": "^2.0.1"
      },
      "engines": {
        "node": ">=10"
      }
    },
    "node_modules/once": {
      "version": "1.4.0",
      "resolved": "https://registry.npmjs.org/once/-/once-1.4.0.tgz",
      "integrity": "sha512-lNaJgI+2Q5URQBkccEKHTQOPaXdUxnZZElQTZY0MFUAuaEqe1E+Nyvgdz/aIyNi6Z9MzO5dv1H8n58/GELp3+w==",
      "dependencies": {
        "wrappy": "1"
      }
    },
    "node_modules/ts-node": {
      "version": "10.9.1",
      "resolved": "https://registry.npmjs.org/ts-node/-/ts-node-10.9.1.tgz",
      "integrity": "sha512-NtVysVPkxxrwFGUUxGYhfux8k78pQB3JqYBXlLRZgdGUqTO5wU/UyHop5p70iEbGhB7q5KmiZiU0Y3KlJrScEw==",
      "dependencies": {
        "@cspotcode/source-map-support": "^0.8.0",
        "@tsconfig/node10": "^1.0.7",
        "@tsconfig/node12": "^1.0.7",
        "@tsconfig/node14": "^1.0.0",
        "@tsconfig/node16": "^1.0.2",
        "acorn": "^8.4.1",
        "acorn-walk": "^8.1.1",
        "arg": "^4.1.0",
        "create-require": "^1.1.0",
        "diff": "^4.0.1",
        "make-error": "^1.1.1",
        "v8-compile-cache-lib": "^3.0.1",
        "yn": "3.1.1"
      },
      "bin": {
        "ts-node": "dist/bin.js",
        "ts-node-cwd": "dist/bin-cwd.js",
        "ts-node-esm": "dist/bin-esm.js",
        "ts-node-script": "dist/bin-script.js",
        "ts-node-transpile-only": "dist/bin-transpile.js",
        "ts-script": "dist/bin-script-deprecated.js"
      },
      "peerDependencies": {
        "@swc/core": ">=1.2.50",
        "@swc/wasm": ">=1.2.50",
        "@types/node": "*",
        "typescript": ">=2.7"
      },
      "peerDependenciesMeta": {
        "@swc/core": {
          "optional": true
        },
        "@swc/wasm": {
          "optional": true
        }
      }
    },
    "node_modules/typescript": {
      "version": "4.8.4",
      "resolved": "https://registry.npmjs.org/typescript/-/typescript-4.8.4.tgz",
      "integrity": "sha512-QCh+85mCy+h0IGff8r5XWzOVSbBO+KfeYrMQh7NJ58QujwcE22u+NUSmUxqF+un70P9GXKxa2HCNiTTMJknyjQ==",
      "peer": true,
      "bin": {
        "tsc": "bin/tsc",
        "tsserver": "bin/tsserver"
      },
      "engines": {
        "node": ">=4.2.0"
      }
    },
    "node_modules/v8-compile-cache-lib": {
      "version": "3.0.1",
      "resolved": "https://registry.npmjs.org/v8-compile-cache-lib/-/v8-compile-cache-lib-3.0.1.tgz",
      "integrity": "sha512-wa7YjyUGfNZngI/vtK0UHAN+lgDCxBPCylVXGp0zu59Fz5aiGtNXaq3DhIov063MorB+VfufLh3JlF2KdTK3xg=="
    },
    "node_modules/wrappy": {
      "version": "1.0.2",
      "resolved": "https://registry.npmjs.org/wrappy/-/wrappy-1.0.2.tgz",
      "integrity": "sha512-l4Sp/DRseor9wL6EvV2+TuQn63dMkPjZ/sp9XkghTEbV9KlPS1xUsZ3u7/IQO4wxtcFB4bgpQPRcR3QCvezPcQ=="
    },
    "node_modules/yn": {
      "version": "3.1.1",
      "resolved": "https://registry.npmjs.org/yn/-/yn-3.1.1.tgz",
      "integrity": "sha512-Ux4ygGWsu2c7isFWe8Yu1YluJmqVhxqK2cLXNQA5AcC3QfbGNpM7fu0Y8b/z16pXLnFxZYvWhd3fhBY9DLmC6Q==",
      "engines": {
        "node": ">=6"
      }
    }
  },
  "dependencies": {
    "@cspotcode/source-map-support": {
      "version": "0.8.1",
      "resolved": "https://registry.npmjs.org/@cspotcode/source-map-support/-/source-map-support-0.8.1.tgz",
      "integrity": "sha512-IchNf6dN4tHoMFIn/7OE8LWZ19Y6q/67Bmf6vnGREv8RSbBVb9LPJxEcnwrcwX6ixSvaiGoomAUvu4YSxXrVgw==",
      "requires": {
        "@jridgewell/trace-mapping": "0.3.9"
      }
    },
    "@jridgewell/resolve-uri": {
      "version": "3.1.0",
      "resolved": "https://registry.npmjs.org/@jridgewell/resolve-uri/-/resolve-uri-3.1.0.tgz",
      "integrity": "sha512-F2msla3tad+Mfht5cJq7LSXcdudKTWCVYUgw6pLFOOHSTtZlj6SWNYAp+AhuqLmWdBO2X5hPrLcu8cVP8fy28w=="
    },
    "@jridgewell/sourcemap-codec": {
      "version": "1.4.14",
      "resolved": "https://registry.npmjs.org/@jridgewell/sourcemap-codec/-/sourcemap-codec-1.4.14.tgz",
      "integrity": "sha512-XPSJHWmi394fuUuzDnGz1wiKqWfo1yXecHQMRf2l6hztTO+nPru658AyDngaBe7isIxEkRsPR3FZh+s7iVa4Uw=="
    },
    "@jridgewell/trace-mapping": {
      "version": "0.3.9",
      "resolved": "https://registry.npmjs.org/@jridgewell/trace-mapping/-/trace-mapping-0.3.9.tgz",
      "integrity": "sha512-3Belt6tdc8bPgAtbcmdtNJlirVoTmEb5e2gC94PnkwEW9jI6CAHUeoG85tjWP5WquqfavoMtMwiG4P926ZKKuQ==",
      "requires": {
        "@jridgewell/resolve-uri": "^3.0.3",
        "@jridgewell/sourcemap-codec": "^1.4.10"
      }
    },
    "@tsconfig/node10": {
      "version": "1.0.9",
      "resolved": "https://registry.npmjs.org/@tsconfig/node10/-/node10-1.0.9.tgz",
      "integrity": "sha512-jNsYVVxU8v5g43Erja32laIDHXeoNvFEpX33OK4d6hljo3jDhCBDhx5dhCCTMWUojscpAagGiRkBKxpdl9fxqA=="
    },
    "@tsconfig/node12": {
      "version": "1.0.11",
      "resolved": "https://registry.npmjs.org/@tsconfig/node12/-/node12-1.0.11.tgz",
      "integrity": "sha512-cqefuRsh12pWyGsIoBKJA9luFu3mRxCA+ORZvA4ktLSzIuCUtWVxGIuXigEwO5/ywWFMZ2QEGKWvkZG1zDMTag=="
    },
    "@tsconfig/node14": {
      "version": "1.0.3",
      "resolved": "https://registry.npmjs.org/@tsconfig/node14/-/node14-1.0.3.tgz",
      "integrity": "sha512-ysT8mhdixWK6Hw3i1V2AeRqZ5WfXg1G43mqoYlM2nc6388Fq5jcXyr5mRsqViLx/GJYdoL0bfXD8nmF+Zn/Iow=="
    },
    "@tsconfig/node16": {
      "version": "1.0.3",
      "resolved": "https://registry.npmjs.org/@tsconfig/node16/-/node16-1.0.3.tgz",
      "integrity": "sha512-yOlFc+7UtL/89t2ZhjPvvB/DeAr3r+Dq58IgzsFkOAvVC6NMJXmCGjbptdXdR9qsX7pKcTL+s87FtYREi2dEEQ=="
    },
    "@types/glob": {
      "version": "7.2.0",
      "resolved": "https://registry.npmjs.org/@types/glob/-/glob-7.2.0.tgz",
      "integrity": "sha512-ZUxbzKl0IfJILTS6t7ip5fQQM/J3TJYubDm3nMbgubNNYS62eXeUpoLUC8/7fJNiFYHTrGPQn7hspDUzIHX3UA==",
      "requires": {
        "@types/minimatch": "*",
        "@types/node": "*"
      }
    },
    "@types/minimatch": {
      "version": "5.1.2",
      "resolved": "https://registry.npmjs.org/@types/minimatch/-/minimatch-5.1.2.tgz",
      "integrity": "sha512-K0VQKziLUWkVKiRVrx4a40iPaxTUefQmjtkQofBkYRcoaaL/8rhwDWww9qWbrgicNOgnpIsMxyNIUM4+n6dUIA=="
    },
    "@types/node": {
      "version": "18.11.9",
      "resolved": "https://registry.npmjs.org/@types/node/-/node-18.11.9.tgz",
      "integrity": "sha512-CRpX21/kGdzjOpFsZSkcrXMGIBWMGNIHXXBVFSH+ggkftxg+XYP20TESbh+zFvFj3EQOl5byk0HTRn1IL6hbqg=="
    },
    "acorn": {
      "version": "8.8.1",
      "resolved": "https://registry.npmjs.org/acorn/-/acorn-8.8.1.tgz",
      "integrity": "sha512-7zFpHzhnqYKrkYdUjF1HI1bzd0VygEGX8lFk4k5zVMqHEoES+P+7TKI+EvLO9WVMJ8eekdO0aDEK044xTXwPPA=="
    },
    "acorn-walk": {
      "version": "8.2.0",
      "resolved": "https://registry.npmjs.org/acorn-walk/-/acorn-walk-8.2.0.tgz",
      "integrity": "sha512-k+iyHEuPgSw6SbuDpGQM+06HQUa04DZ3o+F6CSzXMvvI5KMvnaEqXe+YVe555R9nn6GPt404fos4wcgpw12SDA=="
    },
    "arg": {
      "version": "4.1.3",
      "resolved": "https://registry.npmjs.org/arg/-/arg-4.1.3.tgz",
      "integrity": "sha512-58S9QDqG0Xx27YwPSt9fJxivjYl432YCwfDMfZ+71RAqUrZef7LrKQZ3LHLOwCS4FLNBplP533Zx895SeOCHvA=="
    },
    "balanced-match": {
      "version": "1.0.2",
      "resolved": "https://registry.npmjs.org/balanced-match/-/balanced-match-1.0.2.tgz",
      "integrity": "sha512-3oSeUO0TMV67hN1AmbXsK4yaqU7tjiHlbxRDZOpH0KW9+CeX4bRAaX0Anxt0tx2MrpRpWwQaPwIlISEJhYU5Pw=="
    },
    "brace-expansion": {
      "version": "2.0.1",
      "resolved": "https://registry.npmjs.org/brace-expansion/-/brace-expansion-2.0.1.tgz",
      "integrity": "sha512-XnAIvQ8eM+kC6aULx6wuQiwVsnzsi9d3WxzV3FpWTGA19F621kwdbsAcFKXgKUHZWsy+mY6iL1sHTxWEFCytDA==",
      "requires": {
        "balanced-match": "^1.0.0"
      }
    },
    "create-require": {
      "version": "1.1.1",
      "resolved": "https://registry.npmjs.org/create-require/-/create-require-1.1.1.tgz",
      "integrity": "sha512-dcKFX3jn0MpIaXjisoRvexIJVEKzaq7z2rZKxf+MSr9TkdmHmsU4m2lcLojrj/FHl8mk5VxMmYA+ftRkP/3oKQ=="
    },
    "diff": {
      "version": "4.0.2",
      "resolved": "https://registry.npmjs.org/diff/-/diff-4.0.2.tgz",
      "integrity": "sha512-58lmxKSA4BNyLz+HHMUzlOEpg09FV+ev6ZMe3vJihgdxzgcwZ8VoEEPmALCZG9LmqfVoNMMKpttIYTVG6uDY7A=="
    },
    "fs.realpath": {
      "version": "1.0.0",
      "resolved": "https://registry.npmjs.org/fs.realpath/-/fs.realpath-1.0.0.tgz",
      "integrity": "sha512-OO0pH2lK6a0hZnAdau5ItzHPI6pUlvI7jMVnxUQRtw4owF2wk8lOSabtGDCTP4Ggrg2MbGnWO9X8K1t4+fGMDw=="
    },
    "glob": {
      "version": "8.0.3",
      "resolved": "https://registry.npmjs.org/glob/-/glob-8.0.3.tgz",
      "integrity": "sha512-ull455NHSHI/Y1FqGaaYFaLGkNMMJbavMrEGFXG/PGrg6y7sutWHUHrz6gy6WEBH6akM1M414dWKCNs+IhKdiQ==",
      "requires": {
        "fs.realpath": "^1.0.0",
        "inflight": "^1.0.4",
        "inherits": "2",
        "minimatch": "^5.0.1",
        "once": "^1.3.0"
      }
    },
    "glob-promise": {
      "version": "5.0.0",
      "resolved": "https://registry.npmjs.org/glob-promise/-/glob-promise-5.0.0.tgz",
      "integrity": "sha512-YQ7+beqmmQ3yUzybHoxnj7XMImztIdusIFate36/aB1gEWugR1qZI9a2u1A5mt6gYRqYldipZ7NB9s1UEq3vzw==",
      "requires": {
        "@types/glob": "^7.2.0"
      }
    },
    "inflight": {
      "version": "1.0.6",
      "resolved": "https://registry.npmjs.org/inflight/-/inflight-1.0.6.tgz",
      "integrity": "sha512-k92I/b08q4wvFscXCLvqfsHCrjrF7yiXsQuIVvVE7N82W3+aqpzuUdBbfhWcy/FZR3/4IgflMgKLOsvPDrGCJA==",
      "requires": {
        "once": "^1.3.0",
        "wrappy": "1"
      }
    },
    "inherits": {
      "version": "2.0.4",
      "resolved": "https://registry.npmjs.org/inherits/-/inherits-2.0.4.tgz",
      "integrity": "sha512-k/vGaX4/Yla3WzyMCvTQOXYeIHvqOKtnqBduzTHpzpQZzAskKMhZ2K+EnBiSM9zGSoIFeMpXKxa4dYeZIQqewQ=="
    },
    "make-error": {
      "version": "1.3.6",
      "resolved": "https://registry.npmjs.org/make-error/-/make-error-1.3.6.tgz",
      "integrity": "sha512-s8UhlNe7vPKomQhC1qFelMokr/Sc3AgNbso3n74mVPA5LTZwkB9NlXf4XPamLxJE8h0gh73rM94xvwRT2CVInw=="
    },
    "minimatch": {
      "version": "5.1.0",
      "resolved": "https://registry.npmjs.org/minimatch/-/minimatch-5.1.0.tgz",
      "integrity": "sha512-9TPBGGak4nHfGZsPBohm9AWg6NoT7QTCehS3BIJABslyZbzxfV78QM2Y6+i741OPZIafFAaiiEMh5OyIrJPgtg==",
      "requires": {
        "brace-expansion": "^2.0.1"
      }
    },
    "once": {
      "version": "1.4.0",
      "resolved": "https://registry.npmjs.org/once/-/once-1.4.0.tgz",
      "integrity": "sha512-lNaJgI+2Q5URQBkccEKHTQOPaXdUxnZZElQTZY0MFUAuaEqe1E+Nyvgdz/aIyNi6Z9MzO5dv1H8n58/GELp3+w==",
      "requires": {
        "wrappy": "1"
      }
    },
    "ts-node": {
      "version": "10.9.1",
      "resolved": "https://registry.npmjs.org/ts-node/-/ts-node-10.9.1.tgz",
      "integrity": "sha512-NtVysVPkxxrwFGUUxGYhfux8k78pQB3JqYBXlLRZgdGUqTO5wU/UyHop5p70iEbGhB7q5KmiZiU0Y3KlJrScEw==",
      "requires": {
        "@cspotcode/source-map-support": "^0.8.0",
        "@tsconfig/node10": "^1.0.7",
        "@tsconfig/node12": "^1.0.7",
        "@tsconfig/node14": "^1.0.0",
        "@tsconfig/node16": "^1.0.2",
        "acorn": "^8.4.1",
        "acorn-walk": "^8.1.1",
        "arg": "^4.1.0",
        "create-require": "^1.1.0",
        "diff": "^4.0.1",
        "make-error": "^1.1.1",
        "v8-compile-cache-lib": "^3.0.1",
        "yn": "3.1.1"
      }
    },
    "typescript": {
      "version": "4.8.4",
      "resolved": "https://registry.npmjs.org/typescript/-/typescript-4.8.4.tgz",
      "integrity": "sha512-QCh+85mCy+h0IGff8r5XWzOVSbBO+KfeYrMQh7NJ58QujwcE22u+NUSmUxqF+un70P9GXKxa2HCNiTTMJknyjQ==",
      "peer": true
    },
    "v8-compile-cache-lib": {
      "version": "3.0.1",
      "resolved": "https://registry.npmjs.org/v8-compile-cache-lib/-/v8-compile-cache-lib-3.0.1.tgz",
      "integrity": "sha512-wa7YjyUGfNZngI/vtK0UHAN+lgDCxBPCylVXGp0zu59Fz5aiGtNXaq3DhIov063MorB+VfufLh3JlF2KdTK3xg=="
    },
    "wrappy": {
      "version": "1.0.2",
      "resolved": "https://registry.npmjs.org/wrappy/-/wrappy-1.0.2.tgz",
      "integrity": "sha512-l4Sp/DRseor9wL6EvV2+TuQn63dMkPjZ/sp9XkghTEbV9KlPS1xUsZ3u7/IQO4wxtcFB4bgpQPRcR3QCvezPcQ=="
    },
    "yn": {
      "version": "3.1.1",
      "resolved": "https://registry.npmjs.org/yn/-/yn-3.1.1.tgz",
      "integrity": "sha512-Ux4ygGWsu2c7isFWe8Yu1YluJmqVhxqK2cLXNQA5AcC3QfbGNpM7fu0Y8b/z16pXLnFxZYvWhd3fhBY9DLmC6Q=="
    }
  }
}
